
Microsoft Visual Studio Solution File, Format Version 12.00
# Visual Studio Version 16
VisualStudioVersion = 16.0.31613.86
MinimumVisualStudioVersion = 10.0.40219.1
Project("{FAE04EC0-301F-11D3-BF4B-00C04F79EFBC}") = "KafeWebSitesi", "KafeWebSitesi\KafeWebSitesi.csproj", "{2F34BA0F-B62E-413B-A682-A3D361B3F24F}"
EndProject
Global
	GlobalSection(SolutionConfigurationPlatforms) = preSolution
		Debug|Any CPU = Debug|Any CPU
		Release|Any CPU = Release|Any CPU
	EndGlobalSection
	GlobalSection(ProjectConfigurationPlatforms) = postSolution
		{2F34BA0F-B62E-413B-A682-A3D361B3F24F}.Debug|Any CPU.ActiveCfg = Debug|Any CPU
		{2F34BA0F-B62E-413B-A682-A3D361B3F24F}.Debug|Any CPU.Build.0 = Debug|Any CPU
		{2F34BA0F-B62E-413B-A682-A3D361B3F24F}.Release|Any CPU.ActiveCfg = Release|Any CPU
		{2F34BA0F-B62E-413B-A682-A3D361B3F24F}.Release|Any CPU.Build.0 = Release|Any CPU
	EndGlobalSection
	GlobalSection(SolutionProperties) = preSolution
		HideSolutionNode = FALSE
	EndGlobalSection
	GlobalSection(ExtensibilityGlobals) = postSolution
		SolutionGuid = {A4A46CAE-47D4-4A01-9DB1-A139450B8D64}
	EndGlobalSection
EndGlobal
